
Microsoft Visual Studio Solution File, Format Version 12.00
# Visual Studio Version 17
VisualStudioVersion = 17.14.36221.1
MinimumVisualStudioVersion = 10.0.40219.1
Project("{FAE04EC0-301F-11D3-BF4B-00C04F79EFBC}") = "BkToolsMain", "BkToolsMain.csproj", "{03439149-A990-43D2-873A-F0613F6A67F3}"
EndProject
Project("{2150E333-8FDC-42A3-9474-1A3956D46DE8}") = "Tools", "Tools", "{FCA94464-F8F2-4ECB-90E2-2B0EEE501868}"
EndProject
Project("{FAE04EC0-301F-11D3-BF4B-00C04F79EFBC}") = "CodeCoverage", "..\Libraries\CodeCoverageTool\CodeCoverage.csproj", "{540070D6-A4EC-C1D7-B786-09D55373A87D}"
EndProject
Project("{FAE04EC0-301F-11D3-BF4B-00C04F79EFBC}") = "BkTools.General", "..\BkTools.General\BkTools.General.csproj", "{25FDBD59-55BA-4925-8D10-7F59CE931F9F}"
EndProject
Project("{FAE04EC0-301F-11D3-BF4B-00C04F79EFBC}") = "BkTools.Infrastructure", "..\BkTools.Infrastructure\BkTools.Infrastructure.csproj", "{32D98812-2F80-4788-B0BA-C13602C53137}"
EndProject
Project("{FAE04EC0-301F-11D3-BF4B-00C04F79EFBC}") = "BkTools.Tools.GitTool", "..\BkGitTool\BkTools.Tools.GitTool.csproj", "{242DC832-53ED-4EEA-9F3C-B306F6D6E4F5}"
EndProject
Global
	GlobalSection(SolutionConfigurationPlatforms) = preSolution
		Debug|Any CPU = Debug|Any CPU
		Release|Any CPU = Release|Any CPU
	EndGlobalSection
	GlobalSection(ProjectConfigurationPlatforms) = postSolution
		{03439149-A990-43D2-873A-F0613F6A67F3}.Debug|Any CPU.ActiveCfg = Debug|Any CPU
		{03439149-A990-43D2-873A-F0613F6A67F3}.Debug|Any CPU.Build.0 = Debug|Any CPU
		{03439149-A990-43D2-873A-F0613F6A67F3}.Release|Any CPU.ActiveCfg = Release|Any CPU
		{03439149-A990-43D2-873A-F0613F6A67F3}.Release|Any CPU.Build.0 = Release|Any CPU
		{540070D6-A4EC-C1D7-B786-09D55373A87D}.Debug|Any CPU.ActiveCfg = Debug|Any CPU
		{540070D6-A4EC-C1D7-B786-09D55373A87D}.Debug|Any CPU.Build.0 = Debug|Any CPU
		{540070D6-A4EC-C1D7-B786-09D55373A87D}.Release|Any CPU.ActiveCfg = Release|Any CPU
		{540070D6-A4EC-C1D7-B786-09D55373A87D}.Release|Any CPU.Build.0 = Release|Any CPU
		{25FDBD59-55BA-4925-8D10-7F59CE931F9F}.Debug|Any CPU.ActiveCfg = Debug|Any CPU
		{25FDBD59-55BA-4925-8D10-7F59CE931F9F}.Debug|Any CPU.Build.0 = Debug|Any CPU
		{25FDBD59-55BA-4925-8D10-7F59CE931F9F}.Release|Any CPU.ActiveCfg = Release|Any CPU
		{25FDBD59-55BA-4925-8D10-7F59CE931F9F}.Release|Any CPU.Build.0 = Release|Any CPU
		{32D98812-2F80-4788-B0BA-C13602C53137}.Debug|Any CPU.ActiveCfg = Debug|Any CPU
		{32D98812-2F80-4788-B0BA-C13602C53137}.Debug|Any CPU.Build.0 = Debug|Any CPU
		{32D98812-2F80-4788-B0BA-C13602C53137}.Release|Any CPU.ActiveCfg = Release|Any CPU
		{32D98812-2F80-4788-B0BA-C13602C53137}.Release|Any CPU.Build.0 = Release|Any CPU
		{242DC832-53ED-4EEA-9F3C-B306F6D6E4F5}.Debug|Any CPU.ActiveCfg = Debug|Any CPU
		{242DC832-53ED-4EEA-9F3C-B306F6D6E4F5}.Debug|Any CPU.Build.0 = Debug|Any CPU
		{242DC832-53ED-4EEA-9F3C-B306F6D6E4F5}.Release|Any CPU.ActiveCfg = Release|Any CPU
		{242DC832-53ED-4EEA-9F3C-B306F6D6E4F5}.Release|Any CPU.Build.0 = Release|Any CPU
	EndGlobalSection
	GlobalSection(SolutionProperties) = preSolution
		HideSolutionNode = FALSE
	EndGlobalSection
	GlobalSection(NestedProjects) = preSolution
		{540070D6-A4EC-C1D7-B786-09D55373A87D} = {FCA94464-F8F2-4ECB-90E2-2B0EEE501868}
		{242DC832-53ED-4EEA-9F3C-B306F6D6E4F5} = {FCA94464-F8F2-4ECB-90E2-2B0EEE501868}
	EndGlobalSection
	GlobalSection(ExtensibilityGlobals) = postSolution
		SolutionGuid = {7160E9FD-4C23-4B77-80BB-CC20D774B9CE}
	EndGlobalSection
EndGlobal
